
Microsoft Visual Studio Solution File, Format Version 12.00
# Visual Studio Version 17
VisualStudioVersion = 17.0.31903.59
MinimumVisualStudioVersion = 10.0.40219.1
Project("{FAE04EC0-301F-11D3-BF4B-00C04F79EFBC}") = "Produtos.Domain", "Produtos.Domain\Produtos.Domain.csproj", "{5EDA428D-CE20-46A0-A591-2B3EF1A80186}"
EndProject
Project("{FAE04EC0-301F-11D3-BF4B-00C04F79EFBC}") = "Produtos.Application", "Produtos.Application\Produtos.Application.csproj", "{FF0D32CD-A431-408C-9200-E78451A1142C}"
EndProject
Project("{FAE04EC0-301F-11D3-BF4B-00C04F79EFBC}") = "Produtos.Infrastructure", "Produtos.Infrastructure\Produtos.Infrastructure.csproj", "{F1973FB5-0CB9-4650-86C8-F6867A30D296}"
EndProject
Project("{FAE04EC0-301F-11D3-BF4B-00C04F79EFBC}") = "Produtos.Api", "Produtos.Api\Produtos.Api.csproj", "{BBC6FE2B-7C1D-4523-BA28-2F92C4140CD3}"
EndProject
Global
	GlobalSection(SolutionConfigurationPlatforms) = preSolution
		Debug|Any CPU = Debug|Any CPU
		Debug|x64 = Debug|x64
		Debug|x86 = Debug|x86
		Release|Any CPU = Release|Any CPU
		Release|x64 = Release|x64
		Release|x86 = Release|x86
	EndGlobalSection
	GlobalSection(ProjectConfigurationPlatforms) = postSolution
		{5EDA428D-CE20-46A0-A591-2B3EF1A80186}.Debug|Any CPU.ActiveCfg = Debug|Any CPU
		{5EDA428D-CE20-46A0-A591-2B3EF1A80186}.Debug|Any CPU.Build.0 = Debug|Any CPU
		{5EDA428D-CE20-46A0-A591-2B3EF1A80186}.Debug|x64.ActiveCfg = Debug|Any CPU
		{5EDA428D-CE20-46A0-A591-2B3EF1A80186}.Debug|x64.Build.0 = Debug|Any CPU
		{5EDA428D-CE20-46A0-A591-2B3EF1A80186}.Debug|x86.ActiveCfg = Debug|Any CPU
		{5EDA428D-CE20-46A0-A591-2B3EF1A80186}.Debug|x86.Build.0 = Debug|Any CPU
		{5EDA428D-CE20-46A0-A591-2B3EF1A80186}.Release|Any CPU.ActiveCfg = Release|Any CPU
		{5EDA428D-CE20-46A0-A591-2B3EF1A80186}.Release|Any CPU.Build.0 = Release|Any CPU
		{5EDA428D-CE20-46A0-A591-2B3EF1A80186}.Release|x64.ActiveCfg = Release|Any CPU
		{5EDA428D-CE20-46A0-A591-2B3EF1A80186}.Release|x64.Build.0 = Release|Any CPU
		{5EDA428D-CE20-46A0-A591-2B3EF1A80186}.Release|x86.ActiveCfg = Release|Any CPU
		{5EDA428D-CE20-46A0-A591-2B3EF1A80186}.Release|x86.Build.0 = Release|Any CPU
		{FF0D32CD-A431-408C-9200-E78451A1142C}.Debug|Any CPU.ActiveCfg = Debug|Any CPU
		{FF0D32CD-A431-408C-9200-E78451A1142C}.Debug|Any CPU.Build.0 = Debug|Any CPU
		{FF0D32CD-A431-408C-9200-E78451A1142C}.Debug|x64.ActiveCfg = Debug|Any CPU
		{FF0D32CD-A431-408C-9200-E78451A1142C}.Debug|x64.Build.0 = Debug|Any CPU
		{FF0D32CD-A431-408C-9200-E78451A1142C}.Debug|x86.ActiveCfg = Debug|Any CPU
		{FF0D32CD-A431-408C-9200-E78451A1142C}.Debug|x86.Build.0 = Debug|Any CPU
		{FF0D32CD-A431-408C-9200-E78451A1142C}.Release|Any CPU.ActiveCfg = Release|Any CPU
		{FF0D32CD-A431-408C-9200-E78451A1142C}.Release|Any CPU.Build.0 = Release|Any CPU
		{FF0D32CD-A431-408C-9200-E78451A1142C}.Release|x64.ActiveCfg = Release|Any CPU
		{FF0D32CD-A431-408C-9200-E78451A1142C}.Release|x64.Build.0 = Release|Any CPU
		{FF0D32CD-A431-408C-9200-E78451A1142C}.Release|x86.ActiveCfg = Release|Any CPU
		{FF0D32CD-A431-408C-9200-E78451A1142C}.Release|x86.Build.0 = Release|Any CPU
		{F1973FB5-0CB9-4650-86C8-F6867A30D296}.Debug|Any CPU.ActiveCfg = Debug|Any CPU
		{F1973FB5-0CB9-4650-86C8-F6867A30D296}.Debug|Any CPU.Build.0 = Debug|Any CPU
		{F1973FB5-0CB9-4650-86C8-F6867A30D296}.Debug|x64.ActiveCfg = Debug|Any CPU
		{F1973FB5-0CB9-4650-86C8-F6867A30D296}.Debug|x64.Build.0 = Debug|Any CPU
		{F1973FB5-0CB9-4650-86C8-F6867A30D296}.Debug|x86.ActiveCfg = Debug|Any CPU
		{F1973FB5-0CB9-4650-86C8-F6867A30D296}.Debug|x86.Build.0 = Debug|Any CPU
		{F1973FB5-0CB9-4650-86C8-F6867A30D296}.Release|Any CPU.ActiveCfg = Release|Any CPU
		{F1973FB5-0CB9-4650-86C8-F6867A30D296}.Release|Any CPU.Build.0 = Release|Any CPU
		{F1973FB5-0CB9-4650-86C8-F6867A30D296}.Release|x64.ActiveCfg = Release|Any CPU
		{F1973FB5-0CB9-4650-86C8-F6867A30D296}.Release|x64.Build.0 = Release|Any CPU
		{F1973FB5-0CB9-4650-86C8-F6867A30D296}.Release|x86.ActiveCfg = Release|Any CPU
		{F1973FB5-0CB9-4650-86C8-F6867A30D296}.Release|x86.Build.0 = Release|Any CPU
		{BBC6FE2B-7C1D-4523-BA28-2F92C4140CD3}.Debug|Any CPU.ActiveCfg = Debug|Any CPU
		{BBC6FE2B-7C1D-4523-BA28-2F92C4140CD3}.Debug|Any CPU.Build.0 = Debug|Any CPU
		{BBC6FE2B-7C1D-4523-BA28-2F92C4140CD3}.Debug|x64.ActiveCfg = Debug|Any CPU
		{BBC6FE2B-7C1D-4523-BA28-2F92C4140CD3}.Debug|x64.Build.0 = Debug|Any CPU
		{BBC6FE2B-7C1D-4523-BA28-2F92C4140CD3}.Debug|x86.ActiveCfg = Debug|Any CPU
		{BBC6FE2B-7C1D-4523-BA28-2F92C4140CD3}.Debug|x86.Build.0 = Debug|Any CPU
		{BBC6FE2B-7C1D-4523-BA28-2F92C4140CD3}.Release|Any CPU.ActiveCfg = Release|Any CPU
		{BBC6FE2B-7C1D-4523-BA28-2F92C4140CD3}.Release|Any CPU.Build.0 = Release|Any CPU
		{BBC6FE2B-7C1D-4523-BA28-2F92C4140CD3}.Release|x64.ActiveCfg = Release|Any CPU
		{BBC6FE2B-7C1D-4523-BA28-2F92C4140CD3}.Release|x64.Build.0 = Release|Any CPU
		{BBC6FE2B-7C1D-4523-BA28-2F92C4140CD3}.Release|x86.ActiveCfg = Release|Any CPU
		{BBC6FE2B-7C1D-4523-BA28-2F92C4140CD3}.Release|x86.Build.0 = Release|Any CPU
	EndGlobalSection
	GlobalSection(SolutionProperties) = preSolution
		HideSolutionNode = FALSE
	EndGlobalSection
EndGlobal
